PODS:
  - AppCenter/Analytics (5.0.3):
    - AppCenter/Core
  - AppCenter/Core (5.0.3)
  - AppCenter/Crashes (5.0.3):
    - AppCenter/Core

DEPENDENCIES:
  - AppCenter/Analytics
  - AppCenter/Crashes

SPEC REPOS:
  trunk:
    - AppCenter

SPEC CHECKSUMS:
  AppCenter: a4070ec3d4418b5539067a51f57155012e486ebd

PODFILE CHECKSUM: 8013f0e98fcb707aabb6b51b6dbfd3f9bd41886a

COCOAPODS: 1.12.0
